<?xml version="1.0" encoding="utf-8"?>
<Project ToolsVersion="4.0" xmlns="http://schemas.microsoft.com/developer/msbuild/2003">
  <ItemGroup>
    <Filter Include="Source Files">
      <UniqueIdentifier>{4FC737F1-C7A5-4376-A066-2A32D752A2FF}</UniqueIdentifier>
      <Extensions>cpp;c;cc;cxx;c++;cppm;ixx;def;odl;idl;hpj;bat;asm;asmx</Extensions>
    </Filter>
    <Filter Include="Header Files">
      <UniqueIdentifier>{93995380-89BD-4b04-88EB-625FBE52EBFB}</UniqueIdentifier>
      <Extensions>h;hh;hpp;hxx;h++;hm;inl;inc;ipp;xsd</Extensions>
    </Filter>
    <Filter Include="Resource Files">
      <UniqueIdentifier>{67DA6AB6-F800-4c08-8B7A-83BB121AAD01}</UniqueIdentifier>
      <Extensions>rc;ico;cur;bmp;dlg;rc2;rct;bin;rgs;gif;jpg;jpeg;jpe;resx;tiff;tif;png;wav;mfcribbon-ms</Extensions>
    </Filter>
    <Filter Include="Header Files\States">
      <UniqueIdentifier>{cecedeb7-4e9e-4a07-a913-0a8cc6294c17}</UniqueIdentifier>
    </Filter>
    <Filter Include="Source Files\States">
      <UniqueIdentifier>{cdcf402d-957e-462a-aae3-b0d9fb4238d0}</UniqueIdentifier>
    </Filter>
    <Filter Include="Header Files\GUI">
      <UniqueIdentifier>{a48739b8-4cf1-4df6-a196-e31e2258ace9}</UniqueIdentifier>
    </Filter>
    <Filter Include="Source Files\GUI">
      <UniqueIdentifier>{4660ffe9-3640-49b0-a6de-1b5c37fb6a8a}</UniqueIdentifier>
    </Filter>
    <Filter Include="Header Files\Static">
      <UniqueIdentifier>{265d3b6f-9b63-46dc-aa3e-28159afbff44}</UniqueIdentifier>
    </Filter>
    <Filter Include="Source Files\Static">
      <UniqueIdentifier>{2d5d838c-d902-4282-b7c7-98fa20d68fbc}</UniqueIdentifier>
    </Filter>
    <Filter Include="Header Files\Resources">
      <UniqueIdentifier>{a407a9a1-8eac-475f-97e7-eca9416309f4}</UniqueIdentifier>
    </Filter>
    <Filter Include="Header Files\Enums">
      <UniqueIdentifier>{dcb9f9bf-a61a-4954-9dee-4cf4b955c5ba}</UniqueIdentifier>
    </Filter>
    <Filter Include="Header Files\JSON">
      <UniqueIdentifier>{ad1abe35-d820-4c96-a357-8e529502e692}</UniqueIdentifier>
    </Filter>
    <Filter Include="Source Files\JSON">
      <UniqueIdentifier>{b0454e13-e5f3-40cb-a816-4d2bd01edb39}</UniqueIdentifier>
    </Filter>
    <Filter Include="Source Files\GUI\Containers">
      <UniqueIdentifier>{9afa922b-8815-4f26-84e3-b73724a17a4b}</UniqueIdentifier>
    </Filter>
    <Filter Include="Header Files\GUI\Containers">
      <UniqueIdentifier>{3735cdd9-503a-4314-b0cb-a1dd8114d8d4}</UniqueIdentifier>
    </Filter>
    <Filter Include="Header Files\OCR">
      <UniqueIdentifier>{bf9868e8-ccff-42e1-8a9c-b4bdaad69c99}</UniqueIdentifier>
    </Filter>
    <Filter Include="Source Files\OCR">
      <UniqueIdentifier>{3b793014-669a-4c69-8dd1-d80f98ea293b}</UniqueIdentifier>
    </Filter>
  </ItemGroup>
  <ItemGroup>
    <ClCompile Include="main.cpp">
      <Filter>Source Files</Filter>
    </ClCompile>
    <ClCompile Include="Application.cpp">
      <Filter>Source Files</Filter>
    </ClCompile>
    <ClCompile Include="MenuState.cpp">
      <Filter>Source Files\States</Filter>
    </ClCompile>
    <ClCompile Include="RelativeRect.cpp">
      <Filter>Source Files\GUI</Filter>
    </ClCompile>
    <ClCompile Include="GUI_Object.cpp">
      <Filter>Source Files\GUI</Filter>
    </ClCompile>
    <ClCompile Include="Logger.cpp">
      <Filter>Source Files\Static</Filter>
    </ClCompile>
    <ClCompile Include="TextBox.cpp">
      <Filter>Source Files\GUI</Filter>
    </ClCompile>
    <ClCompile Include="Image.cpp">
      <Filter>Source Files\GUI</Filter>
    </ClCompile>
    <ClCompile Include="State.cpp">
      <Filter>Source Files\States</Filter>
    </ClCompile>
    <ClCompile Include="StateStack.cpp">
      <Filter>Source Files\States</Filter>
    </ClCompile>
    <ClCompile Include="Button.cpp">
      <Filter>Source Files\GUI</Filter>
    </ClCompile>
    <ClCompile Include="JsonHandler.cpp">
      <Filter>Source Files\JSON</Filter>
    </ClCompile>
    <ClCompile Include="SettingsState.cpp">
      <Filter>Source Files\States</Filter>
    </ClCompile>
    <ClCompile Include="ScrollBox.cpp">
      <Filter>Source Files\GUI\Containers</Filter>
    </ClCompile>
    <ClCompile Include="Container.cpp">
      <Filter>Source Files\GUI\Containers</Filter>
    </ClCompile>
    <ClCompile Include="DropDown.cpp">
      <Filter>Source Files\GUI\Containers</Filter>
    </ClCompile>
    <ClCompile Include="ChangeableBox.cpp">
      <Filter>Source Files\GUI\Containers</Filter>
    </ClCompile>
    <ClCompile Include="Sidebar.cpp">
      <Filter>Source Files\GUI\Containers</Filter>
    </ClCompile>
    <ClCompile Include="Utility.cpp">
      <Filter>Source Files\Static</Filter>
    </ClCompile>
    <ClCompile Include="OCR_Wrapper.cpp">
      <Filter>Source Files\OCR</Filter>
    </ClCompile>
  </ItemGroup>
  <ItemGroup>
    <ClInclude Include="Application.h">
      <Filter>Header Files</Filter>
    </ClInclude>
    <ClInclude Include="MenuState.h">
      <Filter>Header Files\States</Filter>
    </ClInclude>
    <ClInclude Include="RelativeRect.h">
      <Filter>Header Files\GUI</Filter>
    </ClInclude>
    <ClInclude Include="GUI_Object.h">
      <Filter>Header Files\GUI</Filter>
    </ClInclude>
    <ClInclude Include="Logger.h">
      <Filter>Header Files\Static</Filter>
    </ClInclude>
    <ClInclude Include="TextBox.h">
      <Filter>Header Files\GUI</Filter>
    </ClInclude>
    <ClInclude Include="Image.h">
      <Filter>Header Files\GUI</Filter>
    </ClInclude>
    <ClInclude Include="ResourceHolder.h">
      <Filter>Header Files\Resources</Filter>
    </ClInclude>
    <ClInclude Include="State.h">
      <Filter>Header Files\States</Filter>
    </ClInclude>
    <ClInclude Include="StateStack.h">
      <Filter>Header Files\States</Filter>
    </ClInclude>
    <ClInclude Include="Context.h">
      <Filter>Header Files</Filter>
    </ClInclude>
    <ClInclude Include="States.h">
      <Filter>Header Files\Enums</Filter>
    </ClInclude>
    <ClInclude Include="Button.h">
      <Filter>Header Files\GUI</Filter>
    </ClInclude>
    <ClInclude Include="JsonHandler.h">
      <Filter>Header Files\JSON</Filter>
    </ClInclude>
    <ClInclude Include="SettingsState.h">
      <Filter>Header Files\States</Filter>
    </ClInclude>
    <ClInclude Include="Container.h">
      <Filter>Header Files\GUI\Containers</Filter>
    </ClInclude>
    <ClInclude Include="DropDown.h">
      <Filter>Header Files\GUI\Containers</Filter>
    </ClInclude>
    <ClInclude Include="ScrollBox.h">
      <Filter>Header Files\GUI\Containers</Filter>
    </ClInclude>
    <ClInclude Include="Sidebar.h">
      <Filter>Header Files\GUI\Containers</Filter>
    </ClInclude>
    <ClInclude Include="ChangeableBox.h">
      <Filter>Header Files\GUI\Containers</Filter>
    </ClInclude>
    <ClInclude Include="Utility.h">
      <Filter>Header Files\Static</Filter>
    </ClInclude>
    <ClInclude Include="OCR_Wrapper.h">
      <Filter>Header Files\OCR</Filter>
    </ClInclude>
  </ItemGroup>
  <ItemGroup>
    <None Include="ResourceHolder.inl">
      <Filter>Header Files\Resources</Filter>
    </None>
  </ItemGroup>
</Project>